
Microsoft Visual Studio Solution File, Format Version 12.00
# Visual Studio Version 17
VisualStudioVersion = 17.7.34009.444
MinimumVisualStudioVersion = 10.0.40219.1
Project("{FAE04EC0-301F-11D3-BF4B-00C04F79EFBC}") = "FlappyBird", "src\FlappyBird\FlappyBird.csproj", "{B96859B8-0413-414D-B6F3-06B6A38C62D7}"
EndProject
Global
	GlobalSection(SolutionConfigurationPlatforms) = preSolution
		Debug|Any CPU = Debug|Any CPU
		Release|Any CPU = Release|Any CPU
	EndGlobalSection
	GlobalSection(ProjectConfigurationPlatforms) = postSolution
		{B96859B8-0413-414D-B6F3-06B6A38C62D7}.Debug|Any CPU.ActiveCfg = Debug|Any CPU
		{B96859B8-0413-414D-B6F3-06B6A38C62D7}.Debug|Any CPU.Build.0 = Debug|Any CPU
		{B96859B8-0413-414D-B6F3-06B6A38C62D7}.Release|Any CPU.ActiveCfg = Release|Any CPU
		{B96859B8-0413-414D-B6F3-06B6A38C62D7}.Release|Any CPU.Build.0 = Release|Any CPU
	EndGlobalSection
	GlobalSection(SolutionProperties) = preSolution
		HideSolutionNode = FALSE
	EndGlobalSection
	GlobalSection(ExtensibilityGlobals) = postSolution
		SolutionGuid = {831EF636-7BFD-4000-BE49-2F09A9BDB962}
	EndGlobalSection
EndGlobal
