
Microsoft Visual Studio Solution File, Format Version 12.00
# Visual Studio Version 16
VisualStudioVersion = 16.0.30320.27
MinimumVisualStudioVersion = 10.0.40219.1
Project("{9A19103F-16F7-4668-BE54-9A1E7A4F7556}") = "FlappyBird.Web", "FlappyBird.Web\FlappyBird.Web.csproj", "{1F2D99A5-97FE-4B5F-9CCC-B8E400DAAE81}"
EndProject
Global
	GlobalSection(SolutionConfigurationPlatforms) = preSolution
		Debug|Any CPU = Debug|Any CPU
		Release|Any CPU = Release|Any CPU
	EndGlobalSection
	GlobalSection(ProjectConfigurationPlatforms) = postSolution
		{1F2D99A5-97FE-4B5F-9CCC-B8E400DAAE81}.Debug|Any CPU.ActiveCfg = Debug|Any CPU
		{1F2D99A5-97FE-4B5F-9CCC-B8E400DAAE81}.Debug|Any CPU.Build.0 = Debug|Any CPU
		{1F2D99A5-97FE-4B5F-9CCC-B8E400DAAE81}.Release|Any CPU.ActiveCfg = Release|Any CPU
		{1F2D99A5-97FE-4B5F-9CCC-B8E400DAAE81}.Release|Any CPU.Build.0 = Release|Any CPU
	EndGlobalSection
	GlobalSection(SolutionProperties) = preSolution
		HideSolutionNode = FALSE
	EndGlobalSection
	GlobalSection(ExtensibilityGlobals) = postSolution
		SolutionGuid = {CC630130-6AA3-435B-8F61-FF0C4B4404AF}
	EndGlobalSection
EndGlobal
